
Microsoft Visual Studio Solution File, Format Version 12.00
# Visual Studio 15
VisualStudioVersion = 15.0.27004.2005
MinimumVisualStudioVersion = 10.0.40219.1
Project("{FAE04EC0-301F-11D3-BF4B-00C04F79EFBC}") = "CourseworkForDB", "CourseworkForDB\CourseworkForDB.csproj", "{EBD63A7F-9FBB-4957-B56C-5FA404FA2BDB}"
EndProject
Global
	GlobalSection(SolutionConfigurationPlatforms) = preSolution
		Debug|Any CPU = Debug|Any CPU
		Release|Any CPU = Release|Any CPU
	EndGlobalSection
	GlobalSection(ProjectConfigurationPlatforms) = postSolution
		{EBD63A7F-9FBB-4957-B56C-5FA404FA2BDB}.Debug|Any CPU.ActiveCfg = Debug|Any CPU
		{EBD63A7F-9FBB-4957-B56C-5FA404FA2BDB}.Debug|Any CPU.Build.0 = Debug|Any CPU
		{EBD63A7F-9FBB-4957-B56C-5FA404FA2BDB}.Release|Any CPU.ActiveCfg = Release|Any CPU
		{EBD63A7F-9FBB-4957-B56C-5FA404FA2BDB}.Release|Any CPU.Build.0 = Release|Any CPU
	EndGlobalSection
	GlobalSection(SolutionProperties) = preSolution
		HideSolutionNode = FALSE
	EndGlobalSection
	GlobalSection(ExtensibilityGlobals) = postSolution
		SolutionGuid = {13923CAD-9EF6-4090-9FB5-0F5EE04C46CF}
	EndGlobalSection
EndGlobal
